
Microsoft Visual Studio Solution File, Format Version 11.00
# Visual Studio 2010
Project("{FAE04EC0-301F-11D3-BF4B-00C04F79EFBC}") = "DaedalusGUIClient", "DaedalusGUIClient\DaedalusGUIClient.csproj", "{46E4EA6D-CD87-4A31-8DEB-E41954C44E63}"
EndProject
Project("{FAE04EC0-301F-11D3-BF4B-00C04F79EFBC}") = "TzaarGame", "..\Games\Tzaar\TzaarGame\TzaarGame\TzaarGame.csproj", "{E75C24D3-37D3-415D-8046-8CC3346803A2}"
EndProject
Project("{FAE04EC0-301F-11D3-BF4B-00C04F79EFBC}") = "DaedalusGameProtocol", "..\DaedalusGameProtocol\DaedalusGameProtocol\DaedalusGameProtocol.csproj", "{65D12FC4-94B3-43D8-A809-C826C5AB51D1}"
EndProject
Project("{FAE04EC0-301F-11D3-BF4B-00C04F79EFBC}") = "OwariGame", "..\Games\Owari\OwariGame\OwariGame\OwariGame.csproj", "{D46F3FF9-BB58-4063-AD29-F11FD79D2B32}"
EndProject
Project("{FAE04EC0-301F-11D3-BF4B-00C04F79EFBC}") = "StartTwoClients", "StartTwoClients\StartTwoClients.csproj", "{2D9FE219-57AE-4AA1-8ACB-D8FF05A1144B}"
EndProject
Project("{2150E333-8FDC-42A3-9474-1A3956D46DE8}") = "Game Modules", "Game Modules", "{912A12A6-44A7-4D1C-BA50-8951F193F6FE}"
EndProject
Global
	GlobalSection(SolutionConfigurationPlatforms) = preSolution
		Debug|Any CPU = Debug|Any CPU
		Debug|Mixed Platforms = Debug|Mixed Platforms
		Debug|x86 = Debug|x86
		Release|Any CPU = Release|Any CPU
		Release|Mixed Platforms = Release|Mixed Platforms
		Release|x86 = Release|x86
	EndGlobalSection
	GlobalSection(ProjectConfigurationPlatforms) = postSolution
		{46E4EA6D-CD87-4A31-8DEB-E41954C44E63}.Debug|Any CPU.ActiveCfg = Debug|x86
		{46E4EA6D-CD87-4A31-8DEB-E41954C44E63}.Debug|Mixed Platforms.ActiveCfg = Debug|x86
		{46E4EA6D-CD87-4A31-8DEB-E41954C44E63}.Debug|Mixed Platforms.Build.0 = Debug|x86
		{46E4EA6D-CD87-4A31-8DEB-E41954C44E63}.Debug|x86.ActiveCfg = Debug|x86
		{46E4EA6D-CD87-4A31-8DEB-E41954C44E63}.Debug|x86.Build.0 = Debug|x86
		{46E4EA6D-CD87-4A31-8DEB-E41954C44E63}.Release|Any CPU.ActiveCfg = Release|x86
		{46E4EA6D-CD87-4A31-8DEB-E41954C44E63}.Release|Mixed Platforms.ActiveCfg = Release|x86
		{46E4EA6D-CD87-4A31-8DEB-E41954C44E63}.Release|Mixed Platforms.Build.0 = Release|x86
		{46E4EA6D-CD87-4A31-8DEB-E41954C44E63}.Release|x86.ActiveCfg = Release|x86
		{46E4EA6D-CD87-4A31-8DEB-E41954C44E63}.Release|x86.Build.0 = Release|x86
		{E75C24D3-37D3-415D-8046-8CC3346803A2}.Debug|Any CPU.ActiveCfg = Debug|Any CPU
		{E75C24D3-37D3-415D-8046-8CC3346803A2}.Debug|Any CPU.Build.0 = Debug|Any CPU
		{E75C24D3-37D3-415D-8046-8CC3346803A2}.Debug|Mixed Platforms.ActiveCfg = Debug|Any CPU
		{E75C24D3-37D3-415D-8046-8CC3346803A2}.Debug|Mixed Platforms.Build.0 = Debug|Any CPU
		{E75C24D3-37D3-415D-8046-8CC3346803A2}.Debug|x86.ActiveCfg = Debug|Any CPU
		{E75C24D3-37D3-415D-8046-8CC3346803A2}.Release|Any CPU.ActiveCfg = Release|Any CPU
		{E75C24D3-37D3-415D-8046-8CC3346803A2}.Release|Any CPU.Build.0 = Release|Any CPU
		{E75C24D3-37D3-415D-8046-8CC3346803A2}.Release|Mixed Platforms.ActiveCfg = Release|Any CPU
		{E75C24D3-37D3-415D-8046-8CC3346803A2}.Release|Mixed Platforms.Build.0 = Release|Any CPU
		{E75C24D3-37D3-415D-8046-8CC3346803A2}.Release|x86.ActiveCfg = Release|Any CPU
		{65D12FC4-94B3-43D8-A809-C826C5AB51D1}.Debug|Any CPU.ActiveCfg = Debug|Any CPU
		{65D12FC4-94B3-43D8-A809-C826C5AB51D1}.Debug|Any CPU.Build.0 = Debug|Any CPU
		{65D12FC4-94B3-43D8-A809-C826C5AB51D1}.Debug|Mixed Platforms.ActiveCfg = Debug|Any CPU
		{65D12FC4-94B3-43D8-A809-C826C5AB51D1}.Debug|Mixed Platforms.Build.0 = Debug|Any CPU
		{65D12FC4-94B3-43D8-A809-C826C5AB51D1}.Debug|x86.ActiveCfg = Debug|Any CPU
		{65D12FC4-94B3-43D8-A809-C826C5AB51D1}.Release|Any CPU.ActiveCfg = Release|Any CPU
		{65D12FC4-94B3-43D8-A809-C826C5AB51D1}.Release|Any CPU.Build.0 = Release|Any CPU
		{65D12FC4-94B3-43D8-A809-C826C5AB51D1}.Release|Mixed Platforms.ActiveCfg = Release|Any CPU
		{65D12FC4-94B3-43D8-A809-C826C5AB51D1}.Release|Mixed Platforms.Build.0 = Release|Any CPU
		{65D12FC4-94B3-43D8-A809-C826C5AB51D1}.Release|x86.ActiveCfg = Release|Any CPU
		{D46F3FF9-BB58-4063-AD29-F11FD79D2B32}.Debug|Any CPU.ActiveCfg = Debug|Any CPU
		{D46F3FF9-BB58-4063-AD29-F11FD79D2B32}.Debug|Any CPU.Build.0 = Debug|Any CPU
		{D46F3FF9-BB58-4063-AD29-F11FD79D2B32}.Debug|Mixed Platforms.ActiveCfg = Debug|Any CPU
		{D46F3FF9-BB58-4063-AD29-F11FD79D2B32}.Debug|Mixed Platforms.Build.0 = Debug|Any CPU
		{D46F3FF9-BB58-4063-AD29-F11FD79D2B32}.Debug|x86.ActiveCfg = Debug|Any CPU
		{D46F3FF9-BB58-4063-AD29-F11FD79D2B32}.Release|Any CPU.ActiveCfg = Release|Any CPU
		{D46F3FF9-BB58-4063-AD29-F11FD79D2B32}.Release|Any CPU.Build.0 = Release|Any CPU
		{D46F3FF9-BB58-4063-AD29-F11FD79D2B32}.Release|Mixed Platforms.ActiveCfg = Release|Any CPU
		{D46F3FF9-BB58-4063-AD29-F11FD79D2B32}.Release|Mixed Platforms.Build.0 = Release|Any CPU
		{D46F3FF9-BB58-4063-AD29-F11FD79D2B32}.Release|x86.ActiveCfg = Release|Any CPU
		{2D9FE219-57AE-4AA1-8ACB-D8FF05A1144B}.Debug|Any CPU.ActiveCfg = Debug|x86
		{2D9FE219-57AE-4AA1-8ACB-D8FF05A1144B}.Debug|Mixed Platforms.ActiveCfg = Debug|x86
		{2D9FE219-57AE-4AA1-8ACB-D8FF05A1144B}.Debug|Mixed Platforms.Build.0 = Debug|x86
		{2D9FE219-57AE-4AA1-8ACB-D8FF05A1144B}.Debug|x86.ActiveCfg = Debug|x86
		{2D9FE219-57AE-4AA1-8ACB-D8FF05A1144B}.Debug|x86.Build.0 = Debug|x86
		{2D9FE219-57AE-4AA1-8ACB-D8FF05A1144B}.Release|Any CPU.ActiveCfg = Release|x86
		{2D9FE219-57AE-4AA1-8ACB-D8FF05A1144B}.Release|Mixed Platforms.ActiveCfg = Release|x86
		{2D9FE219-57AE-4AA1-8ACB-D8FF05A1144B}.Release|Mixed Platforms.Build.0 = Release|x86
		{2D9FE219-57AE-4AA1-8ACB-D8FF05A1144B}.Release|x86.ActiveCfg = Release|x86
		{2D9FE219-57AE-4AA1-8ACB-D8FF05A1144B}.Release|x86.Build.0 = Release|x86
	EndGlobalSection
	GlobalSection(SolutionProperties) = preSolution
		HideSolutionNode = FALSE
	EndGlobalSection
	GlobalSection(NestedProjects) = preSolution
		{D46F3FF9-BB58-4063-AD29-F11FD79D2B32} = {912A12A6-44A7-4D1C-BA50-8951F193F6FE}
		{E75C24D3-37D3-415D-8046-8CC3346803A2} = {912A12A6-44A7-4D1C-BA50-8951F193F6FE}
	EndGlobalSection
EndGlobal
